PODS:
  - MoofFoundation (1.0.0)

DEPENDENCIES:
  - MoofFoundation (from `/Users/moose/Documents/MooseFactory/2021/Frameworks/MoofFoundation`)

EXTERNAL SOURCES:
  MoofFoundation:
    :path: "/Users/moose/Documents/MooseFactory/2021/Frameworks/MoofFoundation"

SPEC CHECKSUMS:
  MoofFoundation: 8b5c303c22be1969e5a8413bc78412c7a568cdb1

PODFILE CHECKSUM: fad876c76367ff4f13b6d1fc89ef7cf615f5c141

COCOAPODS: 1.9.3
