PODS:
  - MoofFoundation (1.0.0)

DEPENDENCIES:
  - MoofFoundation (from `/Users/moose/Documents/MooseFactory/2021/Frameworks/MoofFoundation`)

EXTERNAL SOURCES:
  MoofFoundation:
    :path: "/Users/moose/Documents/MooseFactory/2021/Frameworks/MoofFoundation"

SPEC CHECKSUMS:
  MoofFoundation: 8b5c303c22be1969e5a8413bc78412c7a568cdb1

PODFILE CHECKSUM: cde452f51c07041e7a409ac5d59a2379253e4d5b

COCOAPODS: 1.9.3
